{
  "nodes": {
    "flakelight": {
      "inputs": {
        "nixpkgs": "nixpkgs"
      },
      "locked": {
        "lastModified": 1729514458,
        "narHash": "sha256-e4Yf5Jo9ouojCVxTVugGfOtYk75xuA22/qrRXrxmFwI=",
        "owner": "nix-community",
        "repo": "flakelight",
        "rev": "adffa2b3413adedae6ce5b685ca85c4a0c56f32f",
        "type": "github"
      },
      "original": {
        "owner": "nix-community",
        "repo": "flakelight",
        "type": "github"
      }
    },
    "flakelight-zig": {
      "inputs": {
        "flakelight": "flakelight"
      },
      "locked": {
        "lastModified": 1729599615,
        "narHash": "sha256-H3O0Rrexu1s1XQVYaDvWFNExKae3WOUud0YXFKd8zSw=",
        "owner": "accelbread",
        "repo": "flakelight-zig",
        "rev": "67be8b6ebb99f0fbbe9d3c6da62d183cd248fd18",
        "type": "github"
      },
      "original": {
        "owner": "accelbread",
        "repo": "flakelight-zig",
        "type": "github"
      }
    },
    "nixpkgs": {
      "locked": {
        "lastModified": 1729256560,
        "narHash": "sha256-/uilDXvCIEs3C9l73JTACm4quuHUsIHcns1c+cHUJwA=",
        "owner": "NixOS",
        "repo": "nixpkgs",
        "rev": "4c2fcb090b1f3e5b47eaa7bd33913b574a11e0a0",
        "type": "github"
      },
      "original": {
        "owner": "NixOS",
        "ref": "nixos-unstable",
        "repo": "nixpkgs",
        "type": "github"
      }
    },
    "root": {
      "inputs": {
        "flakelight-zig": "flakelight-zig"
      }
    }
  },
  "root": "root",
  "version": 7
}
